
Microsoft Visual Studio Solution File, Format Version 12.00
# Visual Studio Version 16
VisualStudioVersion = 16.0.810.22
MinimumVisualStudioVersion = 10.0.40219.1
Project("{FAE04EC0-301F-11D3-BF4B-00C04F79EFBC}") = "creditSuisseTest", "creditSuisseTest\creditSuisseTest.csproj", "{0DFCCEF7-1EF5-4D59-9495-81F49332114D}"
EndProject
Project("{FAE04EC0-301F-11D3-BF4B-00C04F79EFBC}") = "creditSuisseTest.Data", "creditSuisseTest.Data\creditSuisseTest.Data.csproj", "{10521814-1ABF-4564-9C56-BF2F27A6A100}"
EndProject
Global
	GlobalSection(SolutionConfigurationPlatforms) = preSolution
		Debug|Any CPU = Debug|Any CPU
		Release|Any CPU = Release|Any CPU
	EndGlobalSection
	GlobalSection(ProjectConfigurationPlatforms) = postSolution
		{0DFCCEF7-1EF5-4D59-9495-81F49332114D}.Debug|Any CPU.ActiveCfg = Debug|Any CPU
		{0DFCCEF7-1EF5-4D59-9495-81F49332114D}.Debug|Any CPU.Build.0 = Debug|Any CPU
		{0DFCCEF7-1EF5-4D59-9495-81F49332114D}.Release|Any CPU.ActiveCfg = Release|Any CPU
		{0DFCCEF7-1EF5-4D59-9495-81F49332114D}.Release|Any CPU.Build.0 = Release|Any CPU
		{10521814-1ABF-4564-9C56-BF2F27A6A100}.Debug|Any CPU.ActiveCfg = Debug|Any CPU
		{10521814-1ABF-4564-9C56-BF2F27A6A100}.Debug|Any CPU.Build.0 = Debug|Any CPU
		{10521814-1ABF-4564-9C56-BF2F27A6A100}.Release|Any CPU.ActiveCfg = Release|Any CPU
		{10521814-1ABF-4564-9C56-BF2F27A6A100}.Release|Any CPU.Build.0 = Release|Any CPU
	EndGlobalSection
	GlobalSection(SolutionProperties) = preSolution
		HideSolutionNode = FALSE
	EndGlobalSection
	GlobalSection(ExtensibilityGlobals) = postSolution
		SolutionGuid = {276F4FEB-F8DA-470C-ADC1-F6B0ECC337A5}
	EndGlobalSection
EndGlobal
